
Microsoft Visual Studio Solution File, Format Version 12.00
# Visual Studio Version 16
VisualStudioVersion = 16.0.30517.126
MinimumVisualStudioVersion = 10.0.40219.1
Project("{FAE04EC0-301F-11D3-BF4B-00C04F79EFBC}") = "TestASP", "TestASP\TestASP.csproj", "{87707C9F-EB29-4D18-B9D1-313FA3D3F061}"
EndProject
Project("{FAE04EC0-301F-11D3-BF4B-00C04F79EFBC}") = "StateLess001", "StateLess001\StateLess001.csproj", "{5071F7D3-6B1C-412F-B109-D0281AE13E18}"
EndProject
Project("{FAE04EC0-301F-11D3-BF4B-00C04F79EFBC}") = "AplicacionSesion002", "AplicacionSesion002\AplicacionSesion002.csproj", "{9616C9A0-67A4-42CD-AAC9-C48B87F74C39}"
EndProject
Project("{FAE04EC0-301F-11D3-BF4B-00C04F79EFBC}") = "EventosPagina003", "EventosPagina003\EventosPagina003.csproj", "{C5E4825C-D256-45F5-90F6-36B4E74243C8}"
EndProject
Project("{FAE04EC0-301F-11D3-BF4B-00C04F79EFBC}") = "VariablesSesion04", "VariablesSesion04\VariablesSesion04.csproj", "{BF64C905-88C4-4990-B46D-F2B9CE8207CE}"
EndProject
Project("{FAE04EC0-301F-11D3-BF4B-00C04F79EFBC}") = "ControlesEventos05", "ControlesEventos05\ControlesEventos05.csproj", "{B06FBF31-1B0B-4370-8411-2D85CB99308B}"
EndProject
Project("{FAE04EC0-301F-11D3-BF4B-00C04F79EFBC}") = "Boton06", "Boton06\Boton06.csproj", "{4AFC950E-78AA-42DF-9A40-D01EE4D5FF00}"
EndProject
Project("{FAE04EC0-301F-11D3-BF4B-00C04F79EFBC}") = "RadioBtn07", "RadioBtn07\RadioBtn07.csproj", "{8A752058-59DA-4F15-80FB-47BC3BC3E660}"
EndProject
Project("{FAE04EC0-301F-11D3-BF4B-00C04F79EFBC}") = "CheckBox08", "CheckBox08\CheckBox08.csproj", "{67747DF8-48BE-402B-A7B0-9C5F7E519610}"
EndProject
Project("{FAE04EC0-301F-11D3-BF4B-00C04F79EFBC}") = "LinkLinkButton09", "LinkLinkButton09\LinkLinkButton09.csproj", "{3BCF221B-C06F-41C0-A1DD-B5BDDC738850}"
EndProject
Global
	GlobalSection(SolutionConfigurationPlatforms) = preSolution
		Debug|Any CPU = Debug|Any CPU
		Release|Any CPU = Release|Any CPU
	EndGlobalSection
	GlobalSection(ProjectConfigurationPlatforms) = postSolution
		{87707C9F-EB29-4D18-B9D1-313FA3D3F061}.Debug|Any CPU.ActiveCfg = Debug|Any CPU
		{87707C9F-EB29-4D18-B9D1-313FA3D3F061}.Debug|Any CPU.Build.0 = Debug|Any CPU
		{87707C9F-EB29-4D18-B9D1-313FA3D3F061}.Release|Any CPU.ActiveCfg = Release|Any CPU
		{87707C9F-EB29-4D18-B9D1-313FA3D3F061}.Release|Any CPU.Build.0 = Release|Any CPU
		{5071F7D3-6B1C-412F-B109-D0281AE13E18}.Debug|Any CPU.ActiveCfg = Debug|Any CPU
		{5071F7D3-6B1C-412F-B109-D0281AE13E18}.Debug|Any CPU.Build.0 = Debug|Any CPU
		{5071F7D3-6B1C-412F-B109-D0281AE13E18}.Release|Any CPU.ActiveCfg = Release|Any CPU
		{5071F7D3-6B1C-412F-B109-D0281AE13E18}.Release|Any CPU.Build.0 = Release|Any CPU
		{9616C9A0-67A4-42CD-AAC9-C48B87F74C39}.Debug|Any CPU.ActiveCfg = Debug|Any CPU
		{9616C9A0-67A4-42CD-AAC9-C48B87F74C39}.Debug|Any CPU.Build.0 = Debug|Any CPU
		{9616C9A0-67A4-42CD-AAC9-C48B87F74C39}.Release|Any CPU.ActiveCfg = Release|Any CPU
		{9616C9A0-67A4-42CD-AAC9-C48B87F74C39}.Release|Any CPU.Build.0 = Release|Any CPU
		{C5E4825C-D256-45F5-90F6-36B4E74243C8}.Debug|Any CPU.ActiveCfg = Debug|Any CPU
		{C5E4825C-D256-45F5-90F6-36B4E74243C8}.Debug|Any CPU.Build.0 = Debug|Any CPU
		{C5E4825C-D256-45F5-90F6-36B4E74243C8}.Release|Any CPU.ActiveCfg = Release|Any CPU
		{C5E4825C-D256-45F5-90F6-36B4E74243C8}.Release|Any CPU.Build.0 = Release|Any CPU
		{BF64C905-88C4-4990-B46D-F2B9CE8207CE}.Debug|Any CPU.ActiveCfg = Debug|Any CPU
		{BF64C905-88C4-4990-B46D-F2B9CE8207CE}.Debug|Any CPU.Build.0 = Debug|Any CPU
		{BF64C905-88C4-4990-B46D-F2B9CE8207CE}.Release|Any CPU.ActiveCfg = Release|Any CPU
		{BF64C905-88C4-4990-B46D-F2B9CE8207CE}.Release|Any CPU.Build.0 = Release|Any CPU
		{B06FBF31-1B0B-4370-8411-2D85CB99308B}.Debug|Any CPU.ActiveCfg = Debug|Any CPU
		{B06FBF31-1B0B-4370-8411-2D85CB99308B}.Debug|Any CPU.Build.0 = Debug|Any CPU
		{B06FBF31-1B0B-4370-8411-2D85CB99308B}.Release|Any CPU.ActiveCfg = Release|Any CPU
		{B06FBF31-1B0B-4370-8411-2D85CB99308B}.Release|Any CPU.Build.0 = Release|Any CPU
		{4AFC950E-78AA-42DF-9A40-D01EE4D5FF00}.Debug|Any CPU.ActiveCfg = Debug|Any CPU
		{4AFC950E-78AA-42DF-9A40-D01EE4D5FF00}.Debug|Any CPU.Build.0 = Debug|Any CPU
		{4AFC950E-78AA-42DF-9A40-D01EE4D5FF00}.Release|Any CPU.ActiveCfg = Release|Any CPU
		{4AFC950E-78AA-42DF-9A40-D01EE4D5FF00}.Release|Any CPU.Build.0 = Release|Any CPU
		{8A752058-59DA-4F15-80FB-47BC3BC3E660}.Debug|Any CPU.ActiveCfg = Debug|Any CPU
		{8A752058-59DA-4F15-80FB-47BC3BC3E660}.Debug|Any CPU.Build.0 = Debug|Any CPU
		{8A752058-59DA-4F15-80FB-47BC3BC3E660}.Release|Any CPU.ActiveCfg = Release|Any CPU
		{8A752058-59DA-4F15-80FB-47BC3BC3E660}.Release|Any CPU.Build.0 = Release|Any CPU
		{67747DF8-48BE-402B-A7B0-9C5F7E519610}.Debug|Any CPU.ActiveCfg = Debug|Any CPU
		{67747DF8-48BE-402B-A7B0-9C5F7E519610}.Debug|Any CPU.Build.0 = Debug|Any CPU
		{67747DF8-48BE-402B-A7B0-9C5F7E519610}.Release|Any CPU.ActiveCfg = Release|Any CPU
		{67747DF8-48BE-402B-A7B0-9C5F7E519610}.Release|Any CPU.Build.0 = Release|Any CPU
		{3BCF221B-C06F-41C0-A1DD-B5BDDC738850}.Debug|Any CPU.ActiveCfg = Debug|Any CPU
		{3BCF221B-C06F-41C0-A1DD-B5BDDC738850}.Debug|Any CPU.Build.0 = Debug|Any CPU
		{3BCF221B-C06F-41C0-A1DD-B5BDDC738850}.Release|Any CPU.ActiveCfg = Release|Any CPU
		{3BCF221B-C06F-41C0-A1DD-B5BDDC738850}.Release|Any CPU.Build.0 = Release|Any CPU
	EndGlobalSection
	GlobalSection(SolutionProperties) = preSolution
		HideSolutionNode = FALSE
	EndGlobalSection
	GlobalSection(ExtensibilityGlobals) = postSolution
		SolutionGuid = {9ABC73F5-D30F-45C1-B288-03294B848607}
	EndGlobalSection
EndGlobal
